
Microsoft Visual Studio Solution File, Format Version 12.00
# Visual Studio Version 17
VisualStudioVersion = 17.5.002.0
MinimumVisualStudioVersion = 10.0.40219.1
Project("{9A19103F-16F7-4668-BE54-9A1E7A4F7556}") = "CreditoRotativo", "CreditoRotativo.csproj", "{C5E7761B-C3D0-4579-836D-4F049212766A}"
EndProject
Global
	GlobalSection(SolutionConfigurationPlatforms) = preSolution
		Debug|Any CPU = Debug|Any CPU
		Release|Any CPU = Release|Any CPU
	EndGlobalSection
	GlobalSection(ProjectConfigurationPlatforms) = postSolution
		{C5E7761B-C3D0-4579-836D-4F049212766A}.Debug|Any CPU.ActiveCfg = Debug|Any CPU
		{C5E7761B-C3D0-4579-836D-4F049212766A}.Debug|Any CPU.Build.0 = Debug|Any CPU
		{C5E7761B-C3D0-4579-836D-4F049212766A}.Release|Any CPU.ActiveCfg = Release|Any CPU
		{C5E7761B-C3D0-4579-836D-4F049212766A}.Release|Any CPU.Build.0 = Release|Any CPU
	EndGlobalSection
	GlobalSection(SolutionProperties) = preSolution
		HideSolutionNode = FALSE
	EndGlobalSection
	GlobalSection(ExtensibilityGlobals) = postSolution
		SolutionGuid = {8E8CC8C6-6BC6-4890-8452-AB2224A25B2C}
	EndGlobalSection
EndGlobal
